{
  "name": "CoderQuest",
  "version": "1.0.0",
  "lockfileVersion": 3,
  "requires": true,
  "packages": {
    "": {
      "devDependencies": {
        "marked": "^17.0.1",
        "pdf": "^0.1.0"
      }
    },
    "node_modules/marked": {
      "version": "17.0.1",
      "resolved": "https://registry.npmjs.org/marked/-/marked-17.0.1.tgz",
      "integrity": "sha512-boeBdiS0ghpWcSwoNm/jJBwdpFaMnZWRzjA6SkUMYb40SVaN1x7mmfGKp0jvexGcx+7y2La5zRZsYFZI6Qpypg==",
      "dev": true,
      "license": "MIT",
      "bin": {
        "marked": "bin/marked.js"
      },
      "engines": {
        "node": ">= 20"
      }
    },
    "node_modules/pdf": {
      "version": "0.1.0",
      "resolved": "https://registry.npmjs.org/pdf/-/pdf-0.1.0.tgz",
      "integrity": "sha512-OCrtycX8Fb0wXJJbU11xjWZbZHpvYq3kUHrWLnPC7+Czjocvg2iI25kRt4CUTq74/rX5aUv8zIAYC/Ky3Bybrg==",
      "dev": true,
      "engines": {
        "node": "*"
      }
    }
  }
}
